
Microsoft Visual Studio Solution File, Format Version 12.00
# Visual Studio Version 16
VisualStudioVersion = 16.0.29709.97
MinimumVisualStudioVersion = 10.0.40219.1
Project("{F184B08F-C81C-45F6-A57F-5ABD9991F28F}") = "MailService", "MailService\MailService.vbproj", "{6A5B1B69-EBB1-4A7D-AD03-E8F733830D8C}"
EndProject
Global
	GlobalSection(SolutionConfigurationPlatforms) = preSolution
		Debug|Any CPU = Debug|Any CPU
		Release|Any CPU = Release|Any CPU
	EndGlobalSection
	GlobalSection(ProjectConfigurationPlatforms) = postSolution
		{6A5B1B69-EBB1-4A7D-AD03-E8F733830D8C}.Debug|Any CPU.ActiveCfg = Debug|Any CPU
		{6A5B1B69-EBB1-4A7D-AD03-E8F733830D8C}.Debug|Any CPU.Build.0 = Debug|Any CPU
		{6A5B1B69-EBB1-4A7D-AD03-E8F733830D8C}.Release|Any CPU.ActiveCfg = Release|Any CPU
		{6A5B1B69-EBB1-4A7D-AD03-E8F733830D8C}.Release|Any CPU.Build.0 = Release|Any CPU
	EndGlobalSection
	GlobalSection(SolutionProperties) = preSolution
		HideSolutionNode = FALSE
	EndGlobalSection
	GlobalSection(ExtensibilityGlobals) = postSolution
		SolutionGuid = {9423A7E9-2EF9-4D30-87CE-822F26967861}
	EndGlobalSection
EndGlobal
