
Microsoft Visual Studio Solution File, Format Version 12.00
# Visual Studio Version 16
VisualStudioVersion = 16.0.29001.49
MinimumVisualStudioVersion = 10.0.40219.1
Project("{FAE04EC0-301F-11D3-BF4B-00C04F79EFBC}") = "FirstWebService", "FirstWebService\FirstWebService.csproj", "{A911AB46-C788-4383-AB1D-AD57DAFD9F1B}"
EndProject
Global
	GlobalSection(SolutionConfigurationPlatforms) = preSolution
		Debug|Any CPU = Debug|Any CPU
		Release|Any CPU = Release|Any CPU
	EndGlobalSection
	GlobalSection(ProjectConfigurationPlatforms) = postSolution
		{A911AB46-C788-4383-AB1D-AD57DAFD9F1B}.Debug|Any CPU.ActiveCfg = Debug|Any CPU
		{A911AB46-C788-4383-AB1D-AD57DAFD9F1B}.Debug|Any CPU.Build.0 = Debug|Any CPU
		{A911AB46-C788-4383-AB1D-AD57DAFD9F1B}.Release|Any CPU.ActiveCfg = Release|Any CPU
		{A911AB46-C788-4383-AB1D-AD57DAFD9F1B}.Release|Any CPU.Build.0 = Release|Any CPU
	EndGlobalSection
	GlobalSection(SolutionProperties) = preSolution
		HideSolutionNode = FALSE
	EndGlobalSection
	GlobalSection(ExtensibilityGlobals) = postSolution
		SolutionGuid = {06D6E904-7750-40EF-9469-9B3C249F8D1C}
	EndGlobalSection
EndGlobal
